
Microsoft Visual Studio Solution File, Format Version 12.00
# Visual Studio Version 16
VisualStudioVersion = 16.0.31911.196
MinimumVisualStudioVersion = 10.0.40219.1
Project("{FAE04EC0-301F-11D3-BF4B-00C04F79EFBC}") = "UseTestIdentityApiServer", "UseTestIdentityApiServer\UseTestIdentityApiServer.csproj", "{BDCD989F-6E44-4233-BE26-AC040920E59D}"
EndProject
Global
	GlobalSection(SolutionConfigurationPlatforms) = preSolution
		Debug|Any CPU = Debug|Any CPU
		Release|Any CPU = Release|Any CPU
	EndGlobalSection
	GlobalSection(ProjectConfigurationPlatforms) = postSolution
		{BDCD989F-6E44-4233-BE26-AC040920E59D}.Debug|Any CPU.ActiveCfg = Debug|Any CPU
		{BDCD989F-6E44-4233-BE26-AC040920E59D}.Debug|Any CPU.Build.0 = Debug|Any CPU
		{BDCD989F-6E44-4233-BE26-AC040920E59D}.Release|Any CPU.ActiveCfg = Release|Any CPU
		{BDCD989F-6E44-4233-BE26-AC040920E59D}.Release|Any CPU.Build.0 = Release|Any CPU
	EndGlobalSection
	GlobalSection(SolutionProperties) = preSolution
		HideSolutionNode = FALSE
	EndGlobalSection
	GlobalSection(ExtensibilityGlobals) = postSolution
		SolutionGuid = {83F38D4C-4F8B-426E-8267-3847097A698B}
	EndGlobalSection
EndGlobal
